
Microsoft Visual Studio Solution File, Format Version 12.00
# Visual Studio Version 16
VisualStudioVersion = 16.0.29326.143
MinimumVisualStudioVersion = 10.0.40219.1
Project("{FAE04EC0-301F-11D3-BF4B-00C04F79EFBC}") = "Analyzer1", "Analyzer1\Analyzer1.csproj", "{706BC505-33A7-4D1C-9D9C-78D9C1A9CEB7}"
EndProject
Project("{FAE04EC0-301F-11D3-BF4B-00C04F79EFBC}") = "Analyzer1.Test", "Analyzer1.Test\Analyzer1.Test.csproj", "{21928E6E-9AF2-4AE0-B47A-142E1C1637AF}"
EndProject
Project("{FAE04EC0-301F-11D3-BF4B-00C04F79EFBC}") = "Analyzer1.Vsix", "Analyzer1.Vsix\Analyzer1.Vsix.csproj", "{4157D8F6-6ABC-42EA-B9FF-4CF6C3A1F7D3}"
EndProject
Global
	GlobalSection(SolutionConfigurationPlatforms) = preSolution
		Debug|Any CPU = Debug|Any CPU
		Release|Any CPU = Release|Any CPU
	EndGlobalSection
	GlobalSection(ProjectConfigurationPlatforms) = postSolution
		{706BC505-33A7-4D1C-9D9C-78D9C1A9CEB7}.Debug|Any CPU.ActiveCfg = Debug|Any CPU
		{706BC505-33A7-4D1C-9D9C-78D9C1A9CEB7}.Debug|Any CPU.Build.0 = Debug|Any CPU
		{706BC505-33A7-4D1C-9D9C-78D9C1A9CEB7}.Release|Any CPU.ActiveCfg = Release|Any CPU
		{706BC505-33A7-4D1C-9D9C-78D9C1A9CEB7}.Release|Any CPU.Build.0 = Release|Any CPU
		{21928E6E-9AF2-4AE0-B47A-142E1C1637AF}.Debug|Any CPU.ActiveCfg = Debug|Any CPU
		{21928E6E-9AF2-4AE0-B47A-142E1C1637AF}.Debug|Any CPU.Build.0 = Debug|Any CPU
		{21928E6E-9AF2-4AE0-B47A-142E1C1637AF}.Release|Any CPU.ActiveCfg = Release|Any CPU
		{21928E6E-9AF2-4AE0-B47A-142E1C1637AF}.Release|Any CPU.Build.0 = Release|Any CPU
		{4157D8F6-6ABC-42EA-B9FF-4CF6C3A1F7D3}.Debug|Any CPU.ActiveCfg = Debug|Any CPU
		{4157D8F6-6ABC-42EA-B9FF-4CF6C3A1F7D3}.Debug|Any CPU.Build.0 = Debug|Any CPU
		{4157D8F6-6ABC-42EA-B9FF-4CF6C3A1F7D3}.Release|Any CPU.ActiveCfg = Release|Any CPU
		{4157D8F6-6ABC-42EA-B9FF-4CF6C3A1F7D3}.Release|Any CPU.Build.0 = Release|Any CPU
	EndGlobalSection
	GlobalSection(SolutionProperties) = preSolution
		HideSolutionNode = FALSE
	EndGlobalSection
	GlobalSection(ExtensibilityGlobals) = postSolution
		SolutionGuid = {729771E3-69FC-431C-BDDE-D1FEDCAE844D}
	EndGlobalSection
EndGlobal
